
Microsoft Visual Studio Solution File, Format Version 12.00
# Visual Studio Version 17
VisualStudioVersion = 17.8.34316.72
MinimumVisualStudioVersion = 10.0.40219.1
Project("{FAE04EC0-301F-11D3-BF4B-00C04F79EFBC}") = "HospitalManagementSystem", "HospitalManagementSystem\HospitalManagementSystem.csproj", "{9BBCFF6F-C858-4605-B859-7DF3EE51C06F}"
EndProject
Global
	GlobalSection(SolutionConfigurationPlatforms) = preSolution
		Debug|Any CPU = Debug|Any CPU
		Release|Any CPU = Release|Any CPU
	EndGlobalSection
	GlobalSection(ProjectConfigurationPlatforms) = postSolution
		{9BBCFF6F-C858-4605-B859-7DF3EE51C06F}.Debug|Any CPU.ActiveCfg = Debug|Any CPU
		{9BBCFF6F-C858-4605-B859-7DF3EE51C06F}.Debug|Any CPU.Build.0 = Debug|Any CPU
		{9BBCFF6F-C858-4605-B859-7DF3EE51C06F}.Release|Any CPU.ActiveCfg = Release|Any CPU
		{9BBCFF6F-C858-4605-B859-7DF3EE51C06F}.Release|Any CPU.Build.0 = Release|Any CPU
	EndGlobalSection
	GlobalSection(SolutionProperties) = preSolution
		HideSolutionNode = FALSE
	EndGlobalSection
	GlobalSection(ExtensibilityGlobals) = postSolution
		SolutionGuid = {7F95560D-D05B-4AD7-9CD5-D71DFCA1D90C}
	EndGlobalSection
EndGlobal
